<?xml version="1.0" encoding="utf-8"?>
<Project ToolsVersion="4.0" xmlns="http://schemas.microsoft.com/developer/msbuild/2003">
  <ItemGroup>
    <Filter Include="Исходные файлы">
      <UniqueIdentifier>{4FC737F1-C7A5-4376-A066-2A32D752A2FF}</UniqueIdentifier>
      <Extensions>cpp;c;cc;cxx;c++;cppm;ixx;def;odl;idl;hpj;bat;asm;asmx</Extensions>
    </Filter>
    <Filter Include="Файлы заголовков">
      <UniqueIdentifier>{93995380-89BD-4b04-88EB-625FBE52EBFB}</UniqueIdentifier>
      <Extensions>h;hh;hpp;hxx;h++;hm;inl;inc;ipp;xsd</Extensions>
    </Filter>
    <Filter Include="Файлы ресурсов">
      <UniqueIdentifier>{67DA6AB6-F800-4c08-8B7A-83BB121AAD01}</UniqueIdentifier>
      <Extensions>rc;ico;cur;bmp;dlg;rc2;rct;bin;rgs;gif;jpg;jpeg;jpe;resx;tiff;tif;png;wav;mfcribbon-ms</Extensions>
    </Filter>
    <Filter Include="Исходные файлы\TypeData">
      <UniqueIdentifier>{0bdb6c91-7bf5-47d6-a0ef-9f7a582c6ddc}</UniqueIdentifier>
    </Filter>
    <Filter Include="Исходные файлы\Functions">
      <UniqueIdentifier>{29567914-dc3b-4cf8-8133-82dcbf570862}</UniqueIdentifier>
    </Filter>
  </ItemGroup>
  <ItemGroup>
    <ClCompile Include="entyPoint.cpp">
      <Filter>Исходные файлы</Filter>
    </ClCompile>
    <ClCompile Include="number.cpp">
      <Filter>Исходные файлы\TypeData</Filter>
    </ClCompile>
    <ClCompile Include="level.cpp">
      <Filter>Исходные файлы\TypeData</Filter>
    </ClCompile>
    <ClCompile Include="logs.cpp">
      <Filter>Исходные файлы\TypeData</Filter>
    </ClCompile>
    <ClCompile Include="mathb.cpp">
      <Filter>Исходные файлы\Functions</Filter>
    </ClCompile>
  </ItemGroup>
  <ItemGroup>
    <ClInclude Include="mathb.h">
      <Filter>Файлы заголовков</Filter>
    </ClInclude>
    <ClInclude Include="logsData.h">
      <Filter>Файлы заголовков</Filter>
    </ClInclude>
    <ClInclude Include="numberData.h">
      <Filter>Файлы заголовков</Filter>
    </ClInclude>
    <ClInclude Include="constant.h">
      <Filter>Файлы заголовков</Filter>
    </ClInclude>
    <ClInclude Include="levelData.h">
      <Filter>Файлы заголовков</Filter>
    </ClInclude>
  </ItemGroup>
</Project>